
Microsoft Visual Studio Solution File, Format Version 12.00
# Visual Studio Version 17
VisualStudioVersion = 17.0.32112.339
MinimumVisualStudioVersion = 10.0.40219.1
Project("{FAE04EC0-301F-11D3-BF4B-00C04F79EFBC}") = "TicTacToe", "TicTacToe\TicTacToe.csproj", "{D1198E86-F79D-4B34-AB2D-C744C06610DD}"
EndProject
Global
	GlobalSection(SolutionConfigurationPlatforms) = preSolution
		Debug|Any CPU = Debug|Any CPU
		Release|Any CPU = Release|Any CPU
	EndGlobalSection
	GlobalSection(ProjectConfigurationPlatforms) = postSolution
		{D1198E86-F79D-4B34-AB2D-C744C06610DD}.Debug|Any CPU.ActiveCfg = Debug|Any CPU
		{D1198E86-F79D-4B34-AB2D-C744C06610DD}.Debug|Any CPU.Build.0 = Debug|Any CPU
		{D1198E86-F79D-4B34-AB2D-C744C06610DD}.Release|Any CPU.ActiveCfg = Release|Any CPU
		{D1198E86-F79D-4B34-AB2D-C744C06610DD}.Release|Any CPU.Build.0 = Release|Any CPU
	EndGlobalSection
	GlobalSection(SolutionProperties) = preSolution
		HideSolutionNode = FALSE
	EndGlobalSection
	GlobalSection(ExtensibilityGlobals) = postSolution
		SolutionGuid = {E2A12157-C2CC-4C7A-8682-86C970E5EFF1}
	EndGlobalSection
EndGlobal
